
Microsoft Visual Studio Solution File, Format Version 12.00
# Visual Studio 15
VisualStudioVersion = 15.0.27130.2010
MinimumVisualStudioVersion = 10.0.40219.1
Project("{FAE04EC0-301F-11D3-BF4B-00C04F79EFBC}") = "Apresentacao", "Apresentacao\Apresentacao.csproj", "{CC724D3F-95DB-4138-9A80-36BAC1433BDD}"
EndProject
Project("{FAE04EC0-301F-11D3-BF4B-00C04F79EFBC}") = "Utilitarios", "Utilitarios\Utilitarios.csproj", "{4B0F81AD-B28F-47EA-988F-2D7B7F2FB3FD}"
EndProject
Project("{FAE04EC0-301F-11D3-BF4B-00C04F79EFBC}") = "AcessaDados", "AcessaDados\AcessaDados.csproj", "{4444F68D-765D-4B64-859E-CDC20DECEFB7}"
EndProject
Project("{FAE04EC0-301F-11D3-BF4B-00C04F79EFBC}") = "Modelo", "Modelo\Modelo.csproj", "{43CC7C05-832A-4C25-99BF-B458EEE65BD3}"
EndProject
Global
	GlobalSection(SolutionConfigurationPlatforms) = preSolution
		Debug|Any CPU = Debug|Any CPU
		Release|Any CPU = Release|Any CPU
	EndGlobalSection
	GlobalSection(ProjectConfigurationPlatforms) = postSolution
		{CC724D3F-95DB-4138-9A80-36BAC1433BDD}.Debug|Any CPU.ActiveCfg = Debug|Any CPU
		{CC724D3F-95DB-4138-9A80-36BAC1433BDD}.Debug|Any CPU.Build.0 = Debug|Any CPU
		{CC724D3F-95DB-4138-9A80-36BAC1433BDD}.Release|Any CPU.ActiveCfg = Release|Any CPU
		{CC724D3F-95DB-4138-9A80-36BAC1433BDD}.Release|Any CPU.Build.0 = Release|Any CPU
		{4B0F81AD-B28F-47EA-988F-2D7B7F2FB3FD}.Debug|Any CPU.ActiveCfg = Debug|Any CPU
		{4B0F81AD-B28F-47EA-988F-2D7B7F2FB3FD}.Debug|Any CPU.Build.0 = Debug|Any CPU
		{4B0F81AD-B28F-47EA-988F-2D7B7F2FB3FD}.Release|Any CPU.ActiveCfg = Release|Any CPU
		{4B0F81AD-B28F-47EA-988F-2D7B7F2FB3FD}.Release|Any CPU.Build.0 = Release|Any CPU
		{4444F68D-765D-4B64-859E-CDC20DECEFB7}.Debug|Any CPU.ActiveCfg = Debug|Any CPU
		{4444F68D-765D-4B64-859E-CDC20DECEFB7}.Debug|Any CPU.Build.0 = Debug|Any CPU
		{4444F68D-765D-4B64-859E-CDC20DECEFB7}.Release|Any CPU.ActiveCfg = Release|Any CPU
		{4444F68D-765D-4B64-859E-CDC20DECEFB7}.Release|Any CPU.Build.0 = Release|Any CPU
		{43CC7C05-832A-4C25-99BF-B458EEE65BD3}.Debug|Any CPU.ActiveCfg = Debug|Any CPU
		{43CC7C05-832A-4C25-99BF-B458EEE65BD3}.Debug|Any CPU.Build.0 = Debug|Any CPU
		{43CC7C05-832A-4C25-99BF-B458EEE65BD3}.Release|Any CPU.ActiveCfg = Release|Any CPU
		{43CC7C05-832A-4C25-99BF-B458EEE65BD3}.Release|Any CPU.Build.0 = Release|Any CPU
	EndGlobalSection
	GlobalSection(SolutionProperties) = preSolution
		HideSolutionNode = FALSE
	EndGlobalSection
	GlobalSection(ExtensibilityGlobals) = postSolution
		SolutionGuid = {A83FD561-611F-43F7-B0BB-10F20B9B946B}
	EndGlobalSection
EndGlobal
